// !$*UTF8*$!
{
	archiveVersion = 1;
	classes = {
	};
	objectVersion = 56;
	objects = {

/* Begin PBXBuildFile section */
		280C414129B86AC30057C3DA /* EarthquakesAppApp.swift in Sources */ = {isa = PBXBuildFile; fileRef = 280C414029B86AC30057C3DA /* EarthquakesAppApp.swift */; };
		280C414329B86AC30057C3DA /* ContentView.swift in Sources */ = {isa = PBXBuildFile; fileRef = 280C414229B86AC30057C3DA /* ContentView.swift */; };
		280C414529B86AC50057C3DA /* Assets.xcassets in Resources */ = {isa = PBXBuildFile; fileRef = 280C414429B86AC50057C3DA /* Assets.xcassets */; };
		280C414829B86AC50057C3DA /* Preview Assets.xcassets in Resources */ = {isa = PBXBuildFile; fileRef = 280C414729B86AC50057C3DA /* Preview Assets.xcassets */; };
		280C414F29B86B480057C3DA /* Quake.swift in Sources */ = {isa = PBXBuildFile; fileRef = 280C414E29B86B480057C3DA /* Quake.swift */; };
		280C415229B86C2F0057C3DA /* QuakeError.swift in Sources */ = {isa = PBXBuildFile; fileRef = 280C415129B86C2F0057C3DA /* QuakeError.swift */; };
		280C415429B86D8E0057C3DA /* Quake+Color.swift in Sources */ = {isa = PBXBuildFile; fileRef = 280C415329B86D8E0057C3DA /* Quake+Color.swift */; };
		280C415729B86DB80057C3DA /* Quakes.swift in Sources */ = {isa = PBXBuildFile; fileRef = 280C415629B86DB80057C3DA /* Quakes.swift */; };
		280C415929B86DD10057C3DA /* QuakeRow.swift in Sources */ = {isa = PBXBuildFile; fileRef = 280C415829B86DD10057C3DA /* QuakeRow.swift */; };
		280C415B29B86DED0057C3DA /* QuakeMagnitude.swift in Sources */ = {isa = PBXBuildFile; fileRef = 280C415A29B86DED0057C3DA /* QuakeMagnitude.swift */; };
		280C415E29B86E190057C3DA /* Quakes+Toolbar.swift in Sources */ = {isa = PBXBuildFile; fileRef = 280C415D29B86E190057C3DA /* Quakes+Toolbar.swift */; };
		280C416029B86E2A0057C3DA /* SelectButton.swift in Sources */ = {isa = PBXBuildFile; fileRef = 280C415F29B86E2A0057C3DA /* SelectButton.swift */; };
		280C416229B86E3E0057C3DA /* EditButton.swift in Sources */ = {isa = PBXBuildFile; fileRef = 280C416129B86E3E0057C3DA /* EditButton.swift */; };
		280C416429B86E5C0057C3DA /* RefreshButton.swift in Sources */ = {isa = PBXBuildFile; fileRef = 280C416329B86E5C0057C3DA /* RefreshButton.swift */; };
		280C416629B86EAD0057C3DA /* ToolbarStatus.swift in Sources */ = {isa = PBXBuildFile; fileRef = 280C416529B86EAD0057C3DA /* ToolbarStatus.swift */; };
		280C416829B86EC30057C3DA /* DeleteButton.swift in Sources */ = {isa = PBXBuildFile; fileRef = 280C416729B86EC30057C3DA /* DeleteButton.swift */; };
		280C417029B873B80057C3DA /* EarthquakesAppTests.swift in Sources */ = {isa = PBXBuildFile; fileRef = 280C416F29B873B80057C3DA /* EarthquakesAppTests.swift */; };
		280C417829B8DE2B0057C3DA /* TestData.swift in Sources */ = {isa = PBXBuildFile; fileRef = 280C417729B8DE2B0057C3DA /* TestData.swift */; };
		280C417A29B8E30A0057C3DA /* GeoJSON.swift in Sources */ = {isa = PBXBuildFile; fileRef = 280C417929B8E30A0057C3DA /* GeoJSON.swift */; };
		280C417C29B8E5290057C3DA /* QuakeLocation.swift in Sources */ = {isa = PBXBuildFile; fileRef = 280C417B29B8E5290057C3DA /* QuakeLocation.swift */; };
/* End PBXBuildFile section */

/* Begin PBXContainerItemProxy section */
		280C417129B873B80057C3DA /* PBXContainerItemProxy */ = {
			isa = PBXContainerItemProxy;
			containerPortal = 280C413529B86AC30057C3DA /* Project object */;
			proxyType = 1;
			remoteGlobalIDString = 280C413C29B86AC30057C3DA;
			remoteInfo = EarthquakesApp;
		};
/* End PBXContainerItemProxy section */

/* Begin PBXFileReference section */
		280C413D29B86AC30057C3DA /* EarthquakesApp.app */ = {isa = PBXFileReference; explicitFileType = wrapper.application; includeInIndex = 0; path = EarthquakesApp.app; sourceTree = BUILT_PRODUCTS_DIR; };
		280C414029B86AC30057C3DA /* EarthquakesAppApp.swift */ = {isa = PBXFileReference; lastKnownFileType = sourcecode.swift; path = EarthquakesAppApp.swift; sourceTree = "<group>"; };
		280C414229B86AC30057C3DA /* ContentView.swift */ = {isa = PBXFileReference; lastKnownFileType = sourcecode.swift; path = ContentView.swift; sourceTree = "<group>"; };
		280C414429B86AC50057C3DA /* Assets.xcassets */ = {isa = PBXFileReference; lastKnownFileType = folder.assetcatalog; path = Assets.xcassets; sourceTree = "<group>"; };
		280C414729B86AC50057C3DA /* Preview Assets.xcassets */ = {isa = PBXFileReference; lastKnownFileType = folder.assetcatalog; path = "Preview Assets.xcassets"; sourceTree = "<group>"; };
		280C414E29B86B480057C3DA /* Quake.swift */ = {isa = PBXFileReference; lastKnownFileType = sourcecode.swift; path = Quake.swift; sourceTree = "<group>"; };
		280C415129B86C2F0057C3DA /* QuakeError.swift */ = {isa = PBXFileReference; lastKnownFileType = sourcecode.swift; path = QuakeError.swift; sourceTree = "<group>"; };
		280C415329B86D8E0057C3DA /* Quake+Color.swift */ = {isa = PBXFileReference; lastKnownFileType = sourcecode.swift; path = "Quake+Color.swift"; sourceTree = "<group>"; };
		280C415629B86DB80057C3DA /* Quakes.swift */ = {isa = PBXFileReference; lastKnownFileType = sourcecode.swift; path = Quakes.swift; sourceTree = "<group>"; };
		280C415829B86DD10057C3DA /* QuakeRow.swift */ = {isa = PBXFileReference; lastKnownFileType = sourcecode.swift; path = QuakeRow.swift; sourceTree = "<group>"; };
		280C415A29B86DED0057C3DA /* QuakeMagnitude.swift */ = {isa = PBXFileReference; lastKnownFileType = sourcecode.swift; path = QuakeMagnitude.swift; sourceTree = "<group>"; };
		280C415D29B86E190057C3DA /* Quakes+Toolbar.swift */ = {isa = PBXFileReference; lastKnownFileType = sourcecode.swift; path = "Quakes+Toolbar.swift"; sourceTree = "<group>"; };
		280C415F29B86E2A0057C3DA /* SelectButton.swift */ = {isa = PBXFileReference; lastKnownFileType = sourcecode.swift; path = SelectButton.swift; sourceTree = "<group>"; };
		280C416129B86E3E0057C3DA /* EditButton.swift */ = {isa = PBXFileReference; lastKnownFileType = sourcecode.swift; path = EditButton.swift; sourceTree = "<group>"; };
		280C416329B86E5C0057C3DA /* RefreshButton.swift */ = {isa = PBXFileReference; lastKnownFileType = sourcecode.swift; path = RefreshButton.swift; sourceTree = "<group>"; };
		280C416529B86EAD0057C3DA /* ToolbarStatus.swift */ = {isa = PBXFileReference; lastKnownFileType = sourcecode.swift; path = ToolbarStatus.swift; sourceTree = "<group>"; };
		280C416729B86EC30057C3DA /* DeleteButton.swift */ = {isa = PBXFileReference; lastKnownFileType = sourcecode.swift; path = DeleteButton.swift; sourceTree = "<group>"; };
		280C416D29B873B80057C3DA /* EarthquakesAppTests.xctest */ = {isa = PBXFileReference; explicitFileType = wrapper.cfbundle; includeInIndex = 0; path = EarthquakesAppTests.xctest; sourceTree = BUILT_PRODUCTS_DIR; };
		280C416F29B873B80057C3DA /* EarthquakesAppTests.swift */ = {isa = PBXFileReference; lastKnownFileType = sourcecode.swift; path = EarthquakesAppTests.swift; sourceTree = "<group>"; };
		280C417729B8DE2B0057C3DA /* TestData.swift */ = {isa = PBXFileReference; lastKnownFileType = sourcecode.swift; path = TestData.swift; sourceTree = "<group>"; };
		280C417929B8E30A0057C3DA /* GeoJSON.swift */ = {isa = PBXFileReference; lastKnownFileType = sourcecode.swift; path = GeoJSON.swift; sourceTree = "<group>"; };
		280C417B29B8E5290057C3DA /* QuakeLocation.swift */ = {isa = PBXFileReference; lastKnownFileType = sourcecode.swift; path = QuakeLocation.swift; sourceTree = "<group>"; };
/* End PBXFileReference section */

/* Begin PBXFrameworksBuildPhase section */
		280C413A29B86AC30057C3DA /* Frameworks */ = {
			isa = PBXFrameworksBuildPhase;
			buildActionMask = 2147483647;
			files = (
			);
			runOnlyForDeploymentPostprocessing = 0;
		};
		280C416A29B873B80057C3DA /* Frameworks */ = {
			isa = PBXFrameworksBuildPhase;
			buildActionMask = 2147483647;
			files = (
			);
			runOnlyForDeploymentPostprocessing = 0;
		};
/* End PBXFrameworksBuildPhase section */

/* Begin PBXGroup section */
		280C413429B86AC30057C3DA = {
			isa = PBXGroup;
			children = (
				280C413F29B86AC30057C3DA /* EarthquakesApp */,
				280C416E29B873B80057C3DA /* EarthquakesAppTests */,
				280C413E29B86AC30057C3DA /* Products */,
			);
			sourceTree = "<group>";
		};
		280C413E29B86AC30057C3DA /* Products */ = {
			isa = PBXGroup;
			children = (
				280C413D29B86AC30057C3DA /* EarthquakesApp.app */,
				280C416D29B873B80057C3DA /* EarthquakesAppTests.xctest */,
			);
			name = Products;
			sourceTree = "<group>";
		};
		280C413F29B86AC30057C3DA /* EarthquakesApp */ = {
			isa = PBXGroup;
			children = (
				280C414029B86AC30057C3DA /* EarthquakesAppApp.swift */,
				280C414229B86AC30057C3DA /* ContentView.swift */,
				280C415029B86C260057C3DA /* Models */,
				280C415529B86DA10057C3DA /* Views */,
				280C417629B873CF0057C3DA /* Resources */,
				280C414629B86AC50057C3DA /* Preview Content */,
			);
			path = EarthquakesApp;
			sourceTree = "<group>";
		};
		280C414629B86AC50057C3DA /* Preview Content */ = {
			isa = PBXGroup;
			children = (
				280C414729B86AC50057C3DA /* Preview Assets.xcassets */,
			);
			path = "Preview Content";
			sourceTree = "<group>";
		};
		280C415029B86C260057C3DA /* Models */ = {
			isa = PBXGroup;
			children = (
				280C414E29B86B480057C3DA /* Quake.swift */,
				280C415329B86D8E0057C3DA /* Quake+Color.swift */,
				280C415129B86C2F0057C3DA /* QuakeError.swift */,
				280C417929B8E30A0057C3DA /* GeoJSON.swift */,
				280C417B29B8E5290057C3DA /* QuakeLocation.swift */,
			);
			path = Models;
			sourceTree = "<group>";
		};
		280C415529B86DA10057C3DA /* Views */ = {
			isa = PBXGroup;
			children = (
				280C415629B86DB80057C3DA /* Quakes.swift */,
				280C415829B86DD10057C3DA /* QuakeRow.swift */,
				280C415A29B86DED0057C3DA /* QuakeMagnitude.swift */,
				280C415C29B86E020057C3DA /* ToolbarContent */,
			);
			path = Views;
			sourceTree = "<group>";
		};
		280C415C29B86E020057C3DA /* ToolbarContent */ = {
			isa = PBXGroup;
			children = (
				280C415D29B86E190057C3DA /* Quakes+Toolbar.swift */,
				280C415F29B86E2A0057C3DA /* SelectButton.swift */,
				280C416129B86E3E0057C3DA /* EditButton.swift */,
				280C416329B86E5C0057C3DA /* RefreshButton.swift */,
				280C416529B86EAD0057C3DA /* ToolbarStatus.swift */,
				280C416729B86EC30057C3DA /* DeleteButton.swift */,
			);
			path = ToolbarContent;
			sourceTree = "<group>";
		};
		280C416E29B873B80057C3DA /* EarthquakesAppTests */ = {
			isa = PBXGroup;
			children = (
				280C416F29B873B80057C3DA /* EarthquakesAppTests.swift */,
				280C417729B8DE2B0057C3DA /* TestData.swift */,
			);
			path = EarthquakesAppTests;
			sourceTree = "<group>";
		};
		280C417629B873CF0057C3DA /* Resources */ = {
			isa = PBXGroup;
			children = (
				280C414429B86AC50057C3DA /* Assets.xcassets */,
			);
			path = Resources;
			sourceTree = "<group>";
		};
/* End PBXGroup section */

/* Begin PBXNativeTarget section */
		280C413C29B86AC30057C3DA /* EarthquakesApp */ = {
			isa = PBXNativeTarget;
			buildConfigurationList = 280C414B29B86AC50057C3DA /* Build configuration list for PBXNativeTarget "EarthquakesApp" */;
			buildPhases = (
				280C413929B86AC30057C3DA /* Sources */,
				280C413A29B86AC30057C3DA /* Frameworks */,
				280C413B29B86AC30057C3DA /* Resources */,
			);
			buildRules = (
			);
			dependencies = (
			);
			name = EarthquakesApp;
			productName = EarthquakesApp;
			productReference = 280C413D29B86AC30057C3DA /* EarthquakesApp.app */;
			productType = "com.apple.product-type.application";
		};
		280C416C29B873B80057C3DA /* EarthquakesAppTests */ = {
			isa = PBXNativeTarget;
			buildConfigurationList = 280C417329B873B80057C3DA /* Build configuration list for PBXNativeTarget "EarthquakesAppTests" */;
			buildPhases = (
				280C416929B873B80057C3DA /* Sources */,
				280C416A29B873B80057C3DA /* Frameworks */,
				280C416B29B873B80057C3DA /* Resources */,
			);
			buildRules = (
			);
			dependencies = (
				280C417229B873B80057C3DA /* PBXTargetDependency */,
			);
			name = EarthquakesAppTests;
			productName = EarthquakesAppTests;
			productReference = 280C416D29B873B80057C3DA /* EarthquakesAppTests.xctest */;
			productType = "com.apple.product-type.bundle.unit-test";
		};
/* End PBXNativeTarget section */

/* Begin PBXProject section */
		280C413529B86AC30057C3DA /* Project object */ = {
			isa = PBXProject;
			attributes = {
				BuildIndependentTargetsInParallel = 1;
				LastSwiftUpdateCheck = 1420;
				LastUpgradeCheck = 1420;
				TargetAttributes = {
					280C413C29B86AC30057C3DA = {
						CreatedOnToolsVersion = 14.2;
					};
					280C416C29B873B80057C3DA = {
						CreatedOnToolsVersion = 14.2;
						TestTargetID = 280C413C29B86AC30057C3DA;
					};
				};
			};
			buildConfigurationList = 280C413829B86AC30057C3DA /* Build configuration list for PBXProject "EarthquakesApp" */;
			compatibilityVersion = "Xcode 14.0";
			developmentRegion = en;
			hasScannedForEncodings = 0;
			knownRegions = (
				en,
				Base,
			);
			mainGroup = 280C413429B86AC30057C3DA;
			productRefGroup = 280C413E29B86AC30057C3DA /* Products */;
			projectDirPath = "";
			projectRoot = "";
			targets = (
				280C413C29B86AC30057C3DA /* EarthquakesApp */,
				280C416C29B873B80057C3DA /* EarthquakesAppTests */,
			);
		};
/* End PBXProject section */

/* Begin PBXResourcesBuildPhase section */
		280C413B29B86AC30057C3DA /* Resources */ = {
			isa = PBXResourcesBuildPhase;
			buildActionMask = 2147483647;
			files = (
				280C414829B86AC50057C3DA /* Preview Assets.xcassets in Resources */,
				280C414529B86AC50057C3DA /* Assets.xcassets in Resources */,
			);
			runOnlyForDeploymentPostprocessing = 0;
		};
		280C416B29B873B80057C3DA /* Resources */ = {
			isa = PBXResourcesBuildPhase;
			buildActionMask = 2147483647;
			files = (
			);
			runOnlyForDeploymentPostprocessing = 0;
		};
/* End PBXResourcesBuildPhase section */

/* Begin PBXSourcesBuildPhase section */
		280C413929B86AC30057C3DA /* Sources */ = {
			isa = PBXSourcesBuildPhase;
			buildActionMask = 2147483647;
			files = (
				280C415229B86C2F0057C3DA /* QuakeError.swift in Sources */,
				280C416429B86E5C0057C3DA /* RefreshButton.swift in Sources */,
				280C414329B86AC30057C3DA /* ContentView.swift in Sources */,
				280C414F29B86B480057C3DA /* Quake.swift in Sources */,
				280C416829B86EC30057C3DA /* DeleteButton.swift in Sources */,
				280C417A29B8E30A0057C3DA /* GeoJSON.swift in Sources */,
				280C416229B86E3E0057C3DA /* EditButton.swift in Sources */,
				280C416629B86EAD0057C3DA /* ToolbarStatus.swift in Sources */,
				280C415929B86DD10057C3DA /* QuakeRow.swift in Sources */,
				280C415B29B86DED0057C3DA /* QuakeMagnitude.swift in Sources */,
				280C415E29B86E190057C3DA /* Quakes+Toolbar.swift in Sources */,
				280C414129B86AC30057C3DA /* EarthquakesAppApp.swift in Sources */,
				280C415429B86D8E0057C3DA /* Quake+Color.swift in Sources */,
				280C415729B86DB80057C3DA /* Quakes.swift in Sources */,
				280C417C29B8E5290057C3DA /* QuakeLocation.swift in Sources */,
				280C416029B86E2A0057C3DA /* SelectButton.swift in Sources */,
			);
			runOnlyForDeploymentPostprocessing = 0;
		};
		280C416929B873B80057C3DA /* Sources */ = {
			isa = PBXSourcesBuildPhase;
			buildActionMask = 2147483647;
			files = (
				280C417029B873B80057C3DA /* EarthquakesAppTests.swift in Sources */,
				280C417829B8DE2B0057C3DA /* TestData.swift in Sources */,
			);
			runOnlyForDeploymentPostprocessing = 0;
		};
/* End PBXSourcesBuildPhase section */

/* Begin PBXTargetDependency section */
		280C417229B873B80057C3DA /* PBXTargetDependency */ = {
			isa = PBXTargetDependency;
			target = 280C413C29B86AC30057C3DA /* EarthquakesApp */;
			targetProxy = 280C417129B873B80057C3DA /* PBXContainerItemProxy */;
		};
/* End PBXTargetDependency section */

/* Begin XCBuildConfiguration section */
		280C414929B86AC50057C3DA /* Debug */ = {
			isa = XCBuildConfiguration;
			buildSettings = {
				ALWAYS_SEARCH_USER_PATHS = NO;
				CLANG_ANALYZER_NONNULL = YES;
				CLANG_ANALYZER_NUMBER_OBJECT_CONVERSION = YES_AGGRESSIVE;
				CLANG_CXX_LANGUAGE_STANDARD = "gnu++20";
				CLANG_ENABLE_MODULES = YES;
				CLANG_ENABLE_OBJC_ARC = YES;
				CLANG_ENABLE_OBJC_WEAK = YES;
				CLANG_WARN_BLOCK_CAPTURE_AUTORELEASING = YES;
				CLANG_WARN_BOOL_CONVERSION = YES;
				CLANG_WARN_COMMA = YES;
				CLANG_WARN_CONSTANT_CONVERSION = YES;
				CLANG_WARN_DEPRECATED_OBJC_IMPLEMENTATIONS = YES;
				CLANG_WARN_DIRECT_OBJC_ISA_USAGE = YES_ERROR;
				CLANG_WARN_DOCUMENTATION_COMMENTS = YES;
				CLANG_WARN_EMPTY_BODY = YES;
				CLANG_WARN_ENUM_CONVERSION = YES;
				CLANG_WARN_INFINITE_RECURSION = YES;
				CLANG_WARN_INT_CONVERSION = YES;
				CLANG_WARN_NON_LITERAL_NULL_CONVERSION = YES;
				CLANG_WARN_OBJC_IMPLICIT_RETAIN_SELF = YES;
				CLANG_WARN_OBJC_LITERAL_CONVERSION = YES;
				CLANG_WARN_OBJC_ROOT_CLASS = YES_ERROR;
				CLANG_WARN_QUOTED_INCLUDE_IN_FRAMEWORK_HEADER = YES;
				CLANG_WARN_RANGE_LOOP_ANALYSIS = YES;
				CLANG_WARN_STRICT_PROTOTYPES = YES;
				CLANG_WARN_SUSPICIOUS_MOVE = YES;
				CLANG_WARN_UNGUARDED_AVAILABILITY = YES_AGGRESSIVE;
				CLANG_WARN_UNREACHABLE_CODE = YES;
				CLANG_WARN__DUPLICATE_METHOD_MATCH = YES;
				COPY_PHASE_STRIP = NO;
				DEBUG_INFORMATION_FORMAT = dwarf;
				ENABLE_STRICT_OBJC_MSGSEND = YES;
				ENABLE_TESTABILITY = YES;
				GCC_C_LANGUAGE_STANDARD = gnu11;
				GCC_DYNAMIC_NO_PIC = NO;
				GCC_NO_COMMON_BLOCKS = YES;
				GCC_OPTIMIZATION_LEVEL = 0;
				GCC_PREPROCESSOR_DEFINITIONS = (
					"DEBUG=1",
					"$(inherited)",
				);
				GCC_WARN_64_TO_32_BIT_CONVERSION = YES;
				GCC_WARN_ABOUT_RETURN_TYPE = YES_ERROR;
				GCC_WARN_UNDECLARED_SELECTOR = YES;
				GCC_WARN_UNINITIALIZED_AUTOS = YES_AGGRESSIVE;
				GCC_WARN_UNUSED_FUNCTION = YES;
				GCC_WARN_UNUSED_VARIABLE = YES;
				IPHONEOS_DEPLOYMENT_TARGET = 16.2;
				MTL_ENABLE_DEBUG_INFO = INCLUDE_SOURCE;
				MTL_FAST_MATH = YES;
				ONLY_ACTIVE_ARCH = YES;
				SDKROOT = iphoneos;
				SWIFT_ACTIVE_COMPILATION_CONDITIONS = DEBUG;
				SWIFT_OPTIMIZATION_LEVEL = "-Onone";
			};
			name = Debug;
		};
		280C414A29B86AC50057C3DA /* Release */ = {
			isa = XCBuildConfiguration;
			buildSettings = {
				ALWAYS_SEARCH_USER_PATHS = NO;
				CLANG_ANALYZER_NONNULL = YES;
				CLANG_ANALYZER_NUMBER_OBJECT_CONVERSION = YES_AGGRESSIVE;
				CLANG_CXX_LANGUAGE_STANDARD = "gnu++20";
				CLANG_ENABLE_MODULES = YES;
				CLANG_ENABLE_OBJC_ARC = YES;
				CLANG_ENABLE_OBJC_WEAK = YES;
				CLANG_WARN_BLOCK_CAPTURE_AUTORELEASING = YES;
				CLANG_WARN_BOOL_CONVERSION = YES;
				CLANG_WARN_COMMA = YES;
				CLANG_WARN_CONSTANT_CONVERSION = YES;
				CLANG_WARN_DEPRECATED_OBJC_IMPLEMENTATIONS = YES;
				CLANG_WARN_DIRECT_OBJC_ISA_USAGE = YES_ERROR;
				CLANG_WARN_DOCUMENTATION_COMMENTS = YES;
				CLANG_WARN_EMPTY_BODY = YES;
				CLANG_WARN_ENUM_CONVERSION = YES;
				CLANG_WARN_INFINITE_RECURSION = YES;
				CLANG_WARN_INT_CONVERSION = YES;
				CLANG_WARN_NON_LITERAL_NULL_CONVERSION = YES;
				CLANG_WARN_OBJC_IMPLICIT_RETAIN_SELF = YES;
				CLANG_WARN_OBJC_LITERAL_CONVERSION = YES;
				CLANG_WARN_OBJC_ROOT_CLASS = YES_ERROR;
				CLANG_WARN_QUOTED_INCLUDE_IN_FRAMEWORK_HEADER = YES;
				CLANG_WARN_RANGE_LOOP_ANALYSIS = YES;
				CLANG_WARN_STRICT_PROTOTYPES = YES;
				CLANG_WARN_SUSPICIOUS_MOVE = YES;
				CLANG_WARN_UNGUARDED_AVAILABILITY = YES_AGGRESSIVE;
				CLANG_WARN_UNREACHABLE_CODE = YES;
				CLANG_WARN__DUPLICATE_METHOD_MATCH = YES;
				COPY_PHASE_STRIP = NO;
				DEBUG_INFORMATION_FORMAT = "dwarf-with-dsym";
				ENABLE_NS_ASSERTIONS = NO;
				ENABLE_STRICT_OBJC_MSGSEND = YES;
				GCC_C_LANGUAGE_STANDARD = gnu11;
				GCC_NO_COMMON_BLOCKS = YES;
				GCC_WARN_64_TO_32_BIT_CONVERSION = YES;
				GCC_WARN_ABOUT_RETURN_TYPE = YES_ERROR;
				GCC_WARN_UNDECLARED_SELECTOR = YES;
				GCC_WARN_UNINITIALIZED_AUTOS = YES_AGGRESSIVE;
				GCC_WARN_UNUSED_FUNCTION = YES;
				GCC_WARN_UNUSED_VARIABLE = YES;
				IPHONEOS_DEPLOYMENT_TARGET = 16.2;
				MTL_ENABLE_DEBUG_INFO = NO;
				MTL_FAST_MATH = YES;
				SDKROOT = iphoneos;
				SWIFT_COMPILATION_MODE = wholemodule;
				SWIFT_OPTIMIZATION_LEVEL = "-O";
				VALIDATE_PRODUCT = YES;
			};
			name = Release;
		};
		280C414C29B86AC50057C3DA /* Debug */ = {
			isa = XCBuildConfiguration;
			buildSettings = {
				ASSETCATALOG_COMPILER_APPICON_NAME = AppIcon;
				ASSETCATALOG_COMPILER_GLOBAL_ACCENT_COLOR_NAME = AccentColor;
				CODE_SIGN_STYLE = Automatic;
				CURRENT_PROJECT_VERSION = 1;
				DEVELOPMENT_ASSET_PATHS = "\"EarthquakesApp/Preview Content\"";
				DEVELOPMENT_TEAM = 6P96P67U8G;
				ENABLE_PREVIEWS = YES;
				GENERATE_INFOPLIST_FILE = YES;
				INFOPLIST_KEY_UIApplicationSceneManifest_Generation = YES;
				INFOPLIST_KEY_UIApplicationSupportsIndirectInputEvents = YES;
				INFOPLIST_KEY_UILaunchScreen_Generation = YES;
				INFOPLIST_KEY_UISupportedInterfaceOrientations = UIInterfaceOrientationPortrait;
				LD_RUNPATH_SEARCH_PATHS = (
					"$(inherited)",
					"@executable_path/Frameworks",
				);
				MARKETING_VERSION = 1.0;
				PRODUCT_BUNDLE_IDENTIFIER = ru.alexrybachev.EarthquakesApp;
				PRODUCT_NAME = "$(TARGET_NAME)";
				SWIFT_EMIT_LOC_STRINGS = YES;
				SWIFT_VERSION = 5.0;
				TARGETED_DEVICE_FAMILY = "1,2";
			};
			name = Debug;
		};
		280C414D29B86AC50057C3DA /* Release */ = {
			isa = XCBuildConfiguration;
			buildSettings = {
				ASSETCATALOG_COMPILER_APPICON_NAME = AppIcon;
				ASSETCATALOG_COMPILER_GLOBAL_ACCENT_COLOR_NAME = AccentColor;
				CODE_SIGN_STYLE = Automatic;
				CURRENT_PROJECT_VERSION = 1;
				DEVELOPMENT_ASSET_PATHS = "\"EarthquakesApp/Preview Content\"";
				DEVELOPMENT_TEAM = 6P96P67U8G;
				ENABLE_PREVIEWS = YES;
				GENERATE_INFOPLIST_FILE = YES;
				INFOPLIST_KEY_UIApplicationSceneManifest_Generation = YES;
				INFOPLIST_KEY_UIApplicationSupportsIndirectInputEvents = YES;
				INFOPLIST_KEY_UILaunchScreen_Generation = YES;
				INFOPLIST_KEY_UISupportedInterfaceOrientations = UIInterfaceOrientationPortrait;
				LD_RUNPATH_SEARCH_PATHS = (
					"$(inherited)",
					"@executable_path/Frameworks",
				);
				MARKETING_VERSION = 1.0;
				PRODUCT_BUNDLE_IDENTIFIER = ru.alexrybachev.EarthquakesApp;
				PRODUCT_NAME = "$(TARGET_NAME)";
				SWIFT_EMIT_LOC_STRINGS = YES;
				SWIFT_VERSION = 5.0;
				TARGETED_DEVICE_FAMILY = "1,2";
			};
			name = Release;
		};
		280C417429B873B80057C3DA /* Debug */ = {
			isa = XCBuildConfiguration;
			buildSettings = {
				BUNDLE_LOADER = "$(TEST_HOST)";
				CODE_SIGN_STYLE = Automatic;
				CURRENT_PROJECT_VERSION = 1;
				DEVELOPMENT_TEAM = 6P96P67U8G;
				GENERATE_INFOPLIST_FILE = YES;
				MARKETING_VERSION = 1.0;
				PRODUCT_BUNDLE_IDENTIFIER = ru.alexrybachev.EarthquakesAppTests;
				PRODUCT_NAME = "$(TARGET_NAME)";
				SWIFT_EMIT_LOC_STRINGS = NO;
				SWIFT_VERSION = 5.0;
				TARGETED_DEVICE_FAMILY = "1,2";
				TEST_HOST = "$(BUILT_PRODUCTS_DIR)/EarthquakesApp.app/$(BUNDLE_EXECUTABLE_FOLDER_PATH)/EarthquakesApp";
			};
			name = Debug;
		};
		280C417529B873B80057C3DA /* Release */ = {
			isa = XCBuildConfiguration;
			buildSettings = {
				BUNDLE_LOADER = "$(TEST_HOST)";
				CODE_SIGN_STYLE = Automatic;
				CURRENT_PROJECT_VERSION = 1;
				DEVELOPMENT_TEAM = 6P96P67U8G;
				GENERATE_INFOPLIST_FILE = YES;
				MARKETING_VERSION = 1.0;
				PRODUCT_BUNDLE_IDENTIFIER = ru.alexrybachev.EarthquakesAppTests;
				PRODUCT_NAME = "$(TARGET_NAME)";
				SWIFT_EMIT_LOC_STRINGS = NO;
				SWIFT_VERSION = 5.0;
				TARGETED_DEVICE_FAMILY = "1,2";
				TEST_HOST = "$(BUILT_PRODUCTS_DIR)/EarthquakesApp.app/$(BUNDLE_EXECUTABLE_FOLDER_PATH)/EarthquakesApp";
			};
			name = Release;
		};
/* End XCBuildConfiguration section */

/* Begin XCConfigurationList section */
		280C413829B86AC30057C3DA /* Build configuration list for PBXProject "EarthquakesApp" */ = {
			isa = XCConfigurationList;
			buildConfigurations = (
				280C414929B86AC50057C3DA /* Debug */,
				280C414A29B86AC50057C3DA /* Release */,
			);
			defaultConfigurationIsVisible = 0;
			defaultConfigurationName = Release;
		};
		280C414B29B86AC50057C3DA /* Build configuration list for PBXNativeTarget "EarthquakesApp" */ = {
			isa = XCConfigurationList;
			buildConfigurations = (
				280C414C29B86AC50057C3DA /* Debug */,
				280C414D29B86AC50057C3DA /* Release */,
			);
			defaultConfigurationIsVisible = 0;
			defaultConfigurationName = Release;
		};
		280C417329B873B80057C3DA /* Build configuration list for PBXNativeTarget "EarthquakesAppTests" */ = {
			isa = XCConfigurationList;
			buildConfigurations = (
				280C417429B873B80057C3DA /* Debug */,
				280C417529B873B80057C3DA /* Release */,
			);
			defaultConfigurationIsVisible = 0;
			defaultConfigurationName = Release;
		};
/* End XCConfigurationList section */
	};
	rootObject = 280C413529B86AC30057C3DA /* Project object */;
}
